
Microsoft Visual Studio Solution File, Format Version 12.00
# Visual Studio Version 17
VisualStudioVersion = 17.14.36429.23
MinimumVisualStudioVersion = 10.0.40219.1
Project("{FAE04EC0-301F-11D3-BF4B-00C04F79EFBC}") = "Heroes", "Heroes\Heroes.csproj", "{FAA8A266-DBD9-4793-A084-8E03A5395566}"
EndProject
Project("{FAE04EC0-301F-11D3-BF4B-00C04F79EFBC}") = "Domain", "Domain\Domain.csproj", "{A9BB507F-A1B3-45F8-933E-00AF4580C2E0}"
EndProject
Global
	GlobalSection(SolutionConfigurationPlatforms) = preSolution
		Debug|Any CPU = Debug|Any CPU
		Release|Any CPU = Release|Any CPU
	EndGlobalSection
	GlobalSection(ProjectConfigurationPlatforms) = postSolution
		{FAA8A266-DBD9-4793-A084-8E03A5395566}.Debug|Any CPU.ActiveCfg = Debug|Any CPU
		{FAA8A266-DBD9-4793-A084-8E03A5395566}.Debug|Any CPU.Build.0 = Debug|Any CPU
		{FAA8A266-DBD9-4793-A084-8E03A5395566}.Release|Any CPU.ActiveCfg = Release|Any CPU
		{FAA8A266-DBD9-4793-A084-8E03A5395566}.Release|Any CPU.Build.0 = Release|Any CPU
		{A9BB507F-A1B3-45F8-933E-00AF4580C2E0}.Debug|Any CPU.ActiveCfg = Debug|Any CPU
		{A9BB507F-A1B3-45F8-933E-00AF4580C2E0}.Debug|Any CPU.Build.0 = Debug|Any CPU
		{A9BB507F-A1B3-45F8-933E-00AF4580C2E0}.Release|Any CPU.ActiveCfg = Release|Any CPU
		{A9BB507F-A1B3-45F8-933E-00AF4580C2E0}.Release|Any CPU.Build.0 = Release|Any CPU
	EndGlobalSection
	GlobalSection(SolutionProperties) = preSolution
		HideSolutionNode = FALSE
	EndGlobalSection
	GlobalSection(ExtensibilityGlobals) = postSolution
		SolutionGuid = {F3890029-74C3-4BBA-9C39-CDC69C8E88A9}
	EndGlobalSection
EndGlobal
